{
    "_readme": [
        "This file locks the dependencies of your project to a known state",
        "Read more about it at https://getcomposer.org/doc/01-basic-usage.md#installing-dependencies",
        "This file is @generated automatically"
    ],
    "content-hash": "1b4b1f0c4da10190c8f6fce2c507d8b1",
    "packages": [
        {
            "name": "irfa/encrypt-file-laravel",
            "version": "v1.3",
            "source": {
                "type": "git",
                "url": "https://github.com/irfaardy/encrypt-file-laravel.git",
                "reference": "47649752e3eaef45ab51a9070ba12f67ca00b8a1"
            },
            "dist": {
                "type": "zip",
                "url": "https://api.github.com/repos/irfaardy/encrypt-file-laravel/zipball/47649752e3eaef45ab51a9070ba12f67ca00b8a1",
                "reference": "47649752e3eaef45ab51a9070ba12f67ca00b8a1",
                "shasum": ""
            },
            "require": {
                "php": "^7.2"
            },
            "type": "package",
            "autoload": {
                "psr-4": {
                    "Irfa\\FileSafe\\": "src/"
                }
            },
            "notification-url": "https://packagist.org/downloads/",
            "license": [
                "MIT"
            ],
            "authors": [
                {
                    "name": "Irfa A",
                    "email": "irfa.backend@protonmail.com"
                }
            ],
            "description": "\"Encrypt & decrypt uploaded file for Laravel\"",
            "keywords": [
                "decrypt",
                "encrypt",
                "laravel",
                "secure",
                "security",
                "upload file"
            ],
            "support": {
                "issues": "https://github.com/irfaardy/encrypt-file-laravel/issues",
                "source": "https://github.com/irfaardy/encrypt-file-laravel/tree/v1.3"
            },
            "funding": [
                {
                    "url": "https://buymeacoff.ee/irfaardy",
                    "type": "custom"
                },
                {
                    "url": "https://ko-fi.com/irfaardy",
                    "type": "ko_fi"
                },
                {
                    "url": "https://www.patreon.com/irfa",
                    "type": "patreon"
                }
            ],
            "time": "2022-01-19T08:54:21+00:00"
        }
    ],
    "packages-dev": [],
    "aliases": [],
    "minimum-stability": "stable",
    "stability-flags": [],
    "prefer-stable": false,
    "prefer-lowest": false,
    "platform": [],
    "platform-dev": [],
    "plugin-api-version": "2.3.0"
}
